{
  "nodes": {
    "brew-src": {
      "flake": false,
      "locked": {
        "lastModified": 1774235677,
        "narHash": "sha256-0ryNYmzDAeRlrzPTAgmzGH/Cgc8iv/LBN6jWGUANvIk=",
        "owner": "Homebrew",
        "repo": "brew",
        "rev": "894a3d23ac0c8aaf561b9874b528b9cb2e839201",
        "type": "github"
      },
      "original": {
        "owner": "Homebrew",
        "ref": "5.1.1",
        "repo": "brew",
        "type": "github"
      }
    },
    "flake-parts": {
      "inputs": {
        "nixpkgs-lib": [
          "neovim-nightly-overlay",
          "nixpkgs"
        ]
      },
      "locked": {
        "lastModified": 1775087534,
        "narHash": "sha256-91qqW8lhL7TLwgQWijoGBbiD4t7/q75KTi8NxjVmSmA=",
        "owner": "hercules-ci",
        "repo": "flake-parts",
        "rev": "3107b77cd68437b9a76194f0f7f9c55f2329ca5b",
        "type": "github"
      },
      "original": {
        "owner": "hercules-ci",
        "repo": "flake-parts",
        "type": "github"
      }
    },
    "home-manager": {
      "inputs": {
        "nixpkgs": [
          "nixpkgs"
        ]
      },
      "locked": {
        "lastModified": 1775762039,
        "narHash": "sha256-tWJTyZWxhtHRhPIJoytfo1c3ITWNzIOpvYt4Rgk25cE=",
        "owner": "nix-community",
        "repo": "home-manager",
        "rev": "2877554a72fed1a1ca8bc805e494bfe3f8b144c9",
        "type": "github"
      },
      "original": {
        "owner": "nix-community",
        "repo": "home-manager",
        "type": "github"
      }
    },
    "homebrew-arm": {
      "flake": false,
      "locked": {
        "lastModified": 1773151057,
        "narHash": "sha256-iRN00UzY6X0qmXHGGcH+Vt46DLpnhCEMQfy+EeasaUg=",
        "owner": "osx-cross",
        "repo": "homebrew-arm",
        "rev": "e3bb686fb159097c2fb3ee6d1acb3f7e4dd8a184",
        "type": "github"
      },
      "original": {
        "owner": "osx-cross",
        "repo": "homebrew-arm",
        "type": "github"
      }
    },
    "homebrew-avr": {
      "flake": false,
      "locked": {
        "lastModified": 1764338764,
        "narHash": "sha256-9N5ypvId9Omka0WzkGfL8srn3EXOVB2gLww0YeiOSfw=",
        "owner": "osx-cross",
        "repo": "homebrew-avr",
        "rev": "85aba477e4ee5e77909d7684ddb91dd20e03caa1",
        "type": "github"
      },
      "original": {
        "owner": "osx-cross",
        "repo": "homebrew-avr",
        "type": "github"
      }
    },
    "homebrew-cask": {
      "flake": false,
      "locked": {
        "lastModified": 1775757624,
        "narHash": "sha256-XuuaA2C4Sa8Vo+NO9VXVOCaXNshqULFCNDWKj+2VjUU=",
        "owner": "homebrew",
        "repo": "homebrew-cask",
        "rev": "be1737af2709188729d8bbf989336216d2dd992a",
        "type": "github"
      },
      "original": {
        "owner": "homebrew",
        "repo": "homebrew-cask",
        "type": "github"
      }
    },
    "homebrew-core": {
      "flake": false,
      "locked": {
        "lastModified": 1775761535,
        "narHash": "sha256-y86AKPdqmw3Vd9vk5i67J7V/uaHSoH9T3d+ikDA42UI=",
        "owner": "homebrew",
        "repo": "homebrew-core",
        "rev": "ac5c4b61deca146e77cabb9a0c780c5ee8a5f9e4",
        "type": "github"
      },
      "original": {
        "owner": "homebrew",
        "repo": "homebrew-core",
        "type": "github"
      }
    },
    "homebrew-qmk": {
      "flake": false,
      "locked": {
        "lastModified": 1748439839,
        "narHash": "sha256-3NgFhROf7Eb/tMLj7lC3s1pFqViEevMzw4X6XAazfNo=",
        "owner": "qmk",
        "repo": "homebrew-qmk",
        "rev": "e4d46a447766bd02c12a2b8824bb787fee1e9ccc",
        "type": "github"
      },
      "original": {
        "owner": "qmk",
        "repo": "homebrew-qmk",
        "type": "github"
      }
    },
    "homebrew-tap-nikita": {
      "flake": false,
      "locked": {
        "lastModified": 1773014271,
        "narHash": "sha256-FTE1he09SKkm7e4W4wwuhoBSgM3zROlRYcjZiU7Yjsg=",
        "owner": "nikitabobko",
        "repo": "homebrew-tap",
        "rev": "db2dcd4d2fd7087457b3cc0baf597880ac4e35a0",
        "type": "github"
      },
      "original": {
        "owner": "nikitabobko",
        "repo": "homebrew-tap",
        "type": "github"
      }
    },
    "homebrew-tap-siggy": {
      "flake": false,
      "locked": {
        "lastModified": 1775042504,
        "narHash": "sha256-uR83xRac52nflj4+6f01lkEiLCjjr8p6ssy2rUhRFHU=",
        "owner": "johnsideserf",
        "repo": "homebrew-siggy",
        "rev": "5c8a3da1af8c41f38a1337811d77b432957ddbdc",
        "type": "github"
      },
      "original": {
        "owner": "johnsideserf",
        "repo": "homebrew-siggy",
        "type": "github"
      }
    },
    "homebrew-tap-sketchybar": {
      "flake": false,
      "locked": {
        "lastModified": 1766486515,
        "narHash": "sha256-YbpzO4TuFD8o7oZwy0uckI14z/UDaimqkipx25GlK6w=",
        "owner": "FelixKratz",
        "repo": "homebrew-formulae",
        "rev": "018a7db2946bfb54dee6be66f962929075173ac7",
        "type": "github"
      },
      "original": {
        "owner": "FelixKratz",
        "repo": "homebrew-formulae",
        "type": "github"
      }
    },
    "neovim-nightly-overlay": {
      "inputs": {
        "flake-parts": "flake-parts",
        "neovim-src": "neovim-src",
        "nixpkgs": "nixpkgs"
      },
      "locked": {
        "lastModified": 1775693082,
        "narHash": "sha256-nnhkpfWsRutQh//KmVoIV7e9Gk90tBezjcoRr775BfU=",
        "owner": "nix-community",
        "repo": "neovim-nightly-overlay",
        "rev": "21b2795e6aeb4a0110bdc7bd81bad59c022c9986",
        "type": "github"
      },
      "original": {
        "owner": "nix-community",
        "repo": "neovim-nightly-overlay",
        "type": "github"
      }
    },
    "neovim-src": {
      "flake": false,
      "locked": {
        "lastModified": 1775689880,
        "narHash": "sha256-savZYhFAaBm3BQUdTrPOv7i5K18JFANJvyHv0uuvaWM=",
        "owner": "neovim",
        "repo": "neovim",
        "rev": "eefb50e352a689ec1a0a55d6827abea79960cd3d",
        "type": "github"
      },
      "original": {
        "owner": "neovim",
        "repo": "neovim",
        "type": "github"
      }
    },
    "nix-darwin": {
      "inputs": {
        "nixpkgs": [
          "nixpkgs"
        ]
      },
      "locked": {
        "lastModified": 1775037210,
        "narHash": "sha256-KM2WYj6EA7M/FVZVCl3rqWY+TFV5QzSyyGE2gQxeODU=",
        "owner": "nix-darwin",
        "repo": "nix-darwin",
        "rev": "06648f4902343228ce2de79f291dd5a58ee12146",
        "type": "github"
      },
      "original": {
        "owner": "nix-darwin",
        "ref": "master",
        "repo": "nix-darwin",
        "type": "github"
      }
    },
    "nix-homebrew": {
      "inputs": {
        "brew-src": "brew-src"
      },
      "locked": {
        "lastModified": 1774720267,
        "narHash": "sha256-YYftFe8jyfpQI649yfr0E+dqEXE2jznZNcYvy/lKV1U=",
        "owner": "zhaofengli",
        "repo": "nix-homebrew",
        "rev": "a7760a3a83f7609f742861afb5732210fdc437ed",
        "type": "github"
      },
      "original": {
        "owner": "zhaofengli",
        "repo": "nix-homebrew",
        "type": "github"
      }
    },
    "nixpkgs": {
      "locked": {
        "lastModified": 1775639890,
        "narHash": "sha256-9O9gNidrdzcb7vgKGtff7QiLtr0IsVaCi0pAXm8anhQ=",
        "owner": "NixOS",
        "repo": "nixpkgs",
        "rev": "456e8a9468b9d46bd8c9524425026c00745bc4d2",
        "type": "github"
      },
      "original": {
        "owner": "NixOS",
        "ref": "nixpkgs-unstable",
        "repo": "nixpkgs",
        "type": "github"
      }
    },
    "nixpkgs-stable": {
      "locked": {
        "lastModified": 1775595990,
        "narHash": "sha256-OEf7YqhF9IjJFYZJyuhAypgU+VsRB5lD4DuiMws5Ltc=",
        "owner": "NixOS",
        "repo": "nixpkgs",
        "rev": "4e92bbcdb030f3b4782be4751dc08e6b6cb6ccf2",
        "type": "github"
      },
      "original": {
        "owner": "NixOS",
        "ref": "nixos-25.11",
        "repo": "nixpkgs",
        "type": "github"
      }
    },
    "nixpkgs_2": {
      "locked": {
        "lastModified": 1775701739,
        "narHash": "sha256-2FWWY1rr/+pGUJK1npcVcsWNEblzmKs6VxD3VEvwJSs=",
        "owner": "NixOS",
        "repo": "nixpkgs",
        "rev": "0f7663154ff2fec150f9dbf5f81ec2785dc1e0db",
        "type": "github"
      },
      "original": {
        "owner": "NixOS",
        "ref": "nixpkgs-unstable",
        "repo": "nixpkgs",
        "type": "github"
      }
    },
    "root": {
      "inputs": {
        "home-manager": "home-manager",
        "homebrew-arm": "homebrew-arm",
        "homebrew-avr": "homebrew-avr",
        "homebrew-cask": "homebrew-cask",
        "homebrew-core": "homebrew-core",
        "homebrew-qmk": "homebrew-qmk",
        "homebrew-tap-nikita": "homebrew-tap-nikita",
        "homebrew-tap-siggy": "homebrew-tap-siggy",
        "homebrew-tap-sketchybar": "homebrew-tap-sketchybar",
        "neovim-nightly-overlay": "neovim-nightly-overlay",
        "nix-darwin": "nix-darwin",
        "nix-homebrew": "nix-homebrew",
        "nixpkgs": "nixpkgs_2",
        "nixpkgs-stable": "nixpkgs-stable"
      }
    }
  },
  "root": "root",
  "version": 7
}
