{
  "nodes": {
    "blueprint": {
      "inputs": {
        "nixpkgs": [
          "llm-agents",
          "nixpkgs"
        ],
        "systems": [
          "llm-agents",
          "systems"
        ]
      },
      "locked": {
        "lastModified": 1776249299,
        "narHash": "sha256-Dt9t1TGRmJFc0xVYhttNBD6QsAgHOHCArqGa0AyjrJY=",
        "owner": "numtide",
        "repo": "blueprint",
        "rev": "56131e8628f173d24a27f6d27c0215eff57e40dd",
        "type": "github"
      },
      "original": {
        "owner": "numtide",
        "repo": "blueprint",
        "type": "github"
      }
    },
    "brew-src": {
      "flake": false,
      "locked": {
        "lastModified": 1778427648,
        "narHash": "sha256-pt9KaDGsMyYWB9JeHs4XGHs870f1lOZe3vx9LpVIhUE=",
        "owner": "Homebrew",
        "repo": "brew",
        "rev": "6f293daa9f9f5832e13b497976335e90509886d7",
        "type": "github"
      },
      "original": {
        "owner": "Homebrew",
        "ref": "5.1.11",
        "repo": "brew",
        "type": "github"
      }
    },
    "bun2nix": {
      "inputs": {
        "flake-parts": [
          "llm-agents",
          "flake-parts"
        ],
        "nixpkgs": [
          "llm-agents",
          "nixpkgs"
        ],
        "systems": [
          "llm-agents",
          "systems"
        ],
        "treefmt-nix": [
          "llm-agents",
          "treefmt-nix"
        ]
      },
      "locked": {
        "lastModified": 1778446047,
        "narHash": "sha256-oQvcadh2BCkrog+SGrG6YffKJrveYpjj3TdQJWaKhaM=",
        "owner": "nix-community",
        "repo": "bun2nix",
        "rev": "f2bc12af1a6369648aac41041ceeaa0b866599c6",
        "type": "github"
      },
      "original": {
        "owner": "nix-community",
        "repo": "bun2nix",
        "type": "github"
      }
    },
    "flake-parts": {
      "inputs": {
        "nixpkgs-lib": [
          "nixpkgs"
        ]
      },
      "locked": {
        "lastModified": 1778716662,
        "narHash": "sha256-m1Yf0wZ8j1OHjTc2UwHwyQRSnNeSgLJOd7q5Y45hzi4=",
        "owner": "hercules-ci",
        "repo": "flake-parts",
        "rev": "f7c1a2d347e4c52d5fb8d10cb4d94b5884e546fb",
        "type": "github"
      },
      "original": {
        "owner": "hercules-ci",
        "repo": "flake-parts",
        "type": "github"
      }
    },
    "flake-parts_2": {
      "inputs": {
        "nixpkgs-lib": "nixpkgs-lib"
      },
      "locked": {
        "lastModified": 1778716662,
        "narHash": "sha256-m1Yf0wZ8j1OHjTc2UwHwyQRSnNeSgLJOd7q5Y45hzi4=",
        "owner": "hercules-ci",
        "repo": "flake-parts",
        "rev": "f7c1a2d347e4c52d5fb8d10cb4d94b5884e546fb",
        "type": "github"
      },
      "original": {
        "owner": "hercules-ci",
        "repo": "flake-parts",
        "type": "github"
      }
    },
    "flake-parts_3": {
      "inputs": {
        "nixpkgs-lib": [
          "llm-agents",
          "nixpkgs"
        ]
      },
      "locked": {
        "lastModified": 1778716662,
        "narHash": "sha256-m1Yf0wZ8j1OHjTc2UwHwyQRSnNeSgLJOd7q5Y45hzi4=",
        "owner": "hercules-ci",
        "repo": "flake-parts",
        "rev": "f7c1a2d347e4c52d5fb8d10cb4d94b5884e546fb",
        "type": "github"
      },
      "original": {
        "owner": "hercules-ci",
        "repo": "flake-parts",
        "type": "github"
      }
    },
    "flake-parts_4": {
      "inputs": {
        "nixpkgs-lib": [
          "neovim-nightly-overlay",
          "nixpkgs"
        ]
      },
      "locked": {
        "lastModified": 1778716662,
        "narHash": "sha256-m1Yf0wZ8j1OHjTc2UwHwyQRSnNeSgLJOd7q5Y45hzi4=",
        "owner": "hercules-ci",
        "repo": "flake-parts",
        "rev": "f7c1a2d347e4c52d5fb8d10cb4d94b5884e546fb",
        "type": "github"
      },
      "original": {
        "owner": "hercules-ci",
        "repo": "flake-parts",
        "type": "github"
      }
    },
    "hjem": {
      "inputs": {
        "nix-darwin": [
          "nix-darwin"
        ],
        "nixpkgs": [
          "nixpkgs"
        ]
      },
      "locked": {
        "lastModified": 1779279788,
        "narHash": "sha256-jRjJ25zogNMYQcmHMPzEtNtfvQt4yT1MMNXYviWYZYI=",
        "owner": "feel-co",
        "repo": "hjem",
        "rev": "37efab66e4fe6589391e68aee5e1d38f2dbb6afd",
        "type": "github"
      },
      "original": {
        "owner": "feel-co",
        "repo": "hjem",
        "type": "github"
      }
    },
    "homebrew-arm": {
      "flake": false,
      "locked": {
        "lastModified": 1773151057,
        "narHash": "sha256-iRN00UzY6X0qmXHGGcH+Vt46DLpnhCEMQfy+EeasaUg=",
        "owner": "osx-cross",
        "repo": "homebrew-arm",
        "rev": "e3bb686fb159097c2fb3ee6d1acb3f7e4dd8a184",
        "type": "github"
      },
      "original": {
        "owner": "osx-cross",
        "repo": "homebrew-arm",
        "type": "github"
      }
    },
    "homebrew-avr": {
      "flake": false,
      "locked": {
        "lastModified": 1778826570,
        "narHash": "sha256-Hq8xEotHIGn0CfSLphQuPl0Xykp1ZSrWLtik3BvSTnI=",
        "owner": "osx-cross",
        "repo": "homebrew-avr",
        "rev": "fb42cfd103a85c398cfb5cc08eac9ffc79b5b673",
        "type": "github"
      },
      "original": {
        "owner": "osx-cross",
        "repo": "homebrew-avr",
        "type": "github"
      }
    },
    "homebrew-cask": {
      "flake": false,
      "locked": {
        "lastModified": 1779434598,
        "narHash": "sha256-DGIvqkjbokN82rABjzybxMYxAC2FFmz6iOVHfntxw0A=",
        "owner": "homebrew",
        "repo": "homebrew-cask",
        "rev": "264f531e8a27cdefdbcfdd358d5ff7f5b372ffea",
        "type": "github"
      },
      "original": {
        "owner": "homebrew",
        "repo": "homebrew-cask",
        "type": "github"
      }
    },
    "homebrew-core": {
      "flake": false,
      "locked": {
        "lastModified": 1779421688,
        "narHash": "sha256-X55w6Q+lsTNz3xkzY5+qZK3T5kvkIX1/rA6kE4HF4W8=",
        "owner": "homebrew",
        "repo": "homebrew-core",
        "rev": "a275516112bbff26ff5c4d6a99fcf261290ade70",
        "type": "github"
      },
      "original": {
        "owner": "homebrew",
        "repo": "homebrew-core",
        "type": "github"
      }
    },
    "homebrew-qmk": {
      "flake": false,
      "locked": {
        "lastModified": 1748439839,
        "narHash": "sha256-3NgFhROf7Eb/tMLj7lC3s1pFqViEevMzw4X6XAazfNo=",
        "owner": "qmk",
        "repo": "homebrew-qmk",
        "rev": "e4d46a447766bd02c12a2b8824bb787fee1e9ccc",
        "type": "github"
      },
      "original": {
        "owner": "qmk",
        "repo": "homebrew-qmk",
        "type": "github"
      }
    },
    "homebrew-tap-nikita": {
      "flake": false,
      "locked": {
        "lastModified": 1773014271,
        "narHash": "sha256-FTE1he09SKkm7e4W4wwuhoBSgM3zROlRYcjZiU7Yjsg=",
        "owner": "nikitabobko",
        "repo": "homebrew-tap",
        "rev": "db2dcd4d2fd7087457b3cc0baf597880ac4e35a0",
        "type": "github"
      },
      "original": {
        "owner": "nikitabobko",
        "repo": "homebrew-tap",
        "type": "github"
      }
    },
    "homebrew-tap-siggy": {
      "flake": false,
      "locked": {
        "lastModified": 1779147285,
        "narHash": "sha256-rwy7PgxXLJNUcA3HusWUgUxcjiD9r/gRBw1Nqtr7TTU=",
        "owner": "johnsideserf",
        "repo": "homebrew-siggy",
        "rev": "76cdd5f5b940838e8d0df3da9c0876ae807b3861",
        "type": "github"
      },
      "original": {
        "owner": "johnsideserf",
        "repo": "homebrew-siggy",
        "type": "github"
      }
    },
    "homebrew-tap-sketchybar": {
      "flake": false,
      "locked": {
        "lastModified": 1778761682,
        "narHash": "sha256-7yF1zmBtNk5oWdI+4SMbhAa6ZlxvW9jZoCMPUFt9ytU=",
        "owner": "FelixKratz",
        "repo": "homebrew-formulae",
        "rev": "c53e16d323fd427b3d348470dc99dc0bf0477514",
        "type": "github"
      },
      "original": {
        "owner": "FelixKratz",
        "repo": "homebrew-formulae",
        "type": "github"
      }
    },
    "llama-cpp": {
      "inputs": {
        "flake-parts": "flake-parts_2",
        "nixpkgs": "nixpkgs"
      },
      "locked": {
        "lastModified": 1779399329,
        "narHash": "sha256-M6e4F3C0C7TREQa9YnKJmU5SPE75nnvFIStHQKIys5U=",
        "owner": "ggerganov",
        "repo": "llama.cpp",
        "rev": "4f0e43da6f8f6e9390d88409610098ec2d2dc5c7",
        "type": "github"
      },
      "original": {
        "owner": "ggerganov",
        "repo": "llama.cpp",
        "type": "github"
      }
    },
    "llm-agents": {
      "inputs": {
        "blueprint": "blueprint",
        "bun2nix": "bun2nix",
        "flake-parts": "flake-parts_3",
        "nixpkgs": [
          "nixpkgs"
        ],
        "systems": "systems",
        "treefmt-nix": "treefmt-nix"
      },
      "locked": {
        "lastModified": 1779427831,
        "narHash": "sha256-n+TRxgTBGwOSqmPGhh9gqtFd9oIHadiQI7KUhpKLd04=",
        "owner": "numtide",
        "repo": "llm-agents.nix",
        "rev": "20e430bd6bc68a3e76f16a31a19504971b1832bd",
        "type": "github"
      },
      "original": {
        "owner": "numtide",
        "repo": "llm-agents.nix",
        "type": "github"
      }
    },
    "neovim-nightly-overlay": {
      "inputs": {
        "flake-parts": "flake-parts_4",
        "neovim-src": "neovim-src",
        "nixpkgs": "nixpkgs_2"
      },
      "locked": {
        "lastModified": 1779408644,
        "narHash": "sha256-z2GAOqjdEBwJahcVpl1BH7S5XnBsv837l0J/lYkYiGk=",
        "owner": "nix-community",
        "repo": "neovim-nightly-overlay",
        "rev": "4c2644c8ae9d038a132b24ad86335b7ce0391d3f",
        "type": "github"
      },
      "original": {
        "owner": "nix-community",
        "repo": "neovim-nightly-overlay",
        "type": "github"
      }
    },
    "neovim-src": {
      "flake": false,
      "locked": {
        "lastModified": 1779406803,
        "narHash": "sha256-ELfYqvs7Q0bZfEDM7ay0cUVmayMbh4ASlHJhsBZ+svw=",
        "owner": "neovim",
        "repo": "neovim",
        "rev": "2b5d611d6b1767cc7cee124a18767513ac6b0259",
        "type": "github"
      },
      "original": {
        "owner": "neovim",
        "repo": "neovim",
        "type": "github"
      }
    },
    "nix-darwin": {
      "inputs": {
        "nixpkgs": [
          "nixpkgs"
        ]
      },
      "locked": {
        "lastModified": 1779036909,
        "narHash": "sha256-zXcwYQGCT6pzinK+1dBB2ekTVtfxGZAapb3Evdcu4fY=",
        "owner": "nix-darwin",
        "repo": "nix-darwin",
        "rev": "56c666e108467d87d13508936aade6d567f2a501",
        "type": "github"
      },
      "original": {
        "owner": "nix-darwin",
        "ref": "master",
        "repo": "nix-darwin",
        "type": "github"
      }
    },
    "nix-homebrew": {
      "inputs": {
        "brew-src": "brew-src"
      },
      "locked": {
        "lastModified": 1778851564,
        "narHash": "sha256-p8wzcnpB2Iys+QzAKM9/Eyw/pUyqCO3sw/NCnDH4dTE=",
        "owner": "zhaofengli",
        "repo": "nix-homebrew",
        "rev": "b3a87b4793205cc111f3c61e25e018ffac3b8039",
        "type": "github"
      },
      "original": {
        "owner": "zhaofengli",
        "repo": "nix-homebrew",
        "type": "github"
      }
    },
    "nixpkgs": {
      "locked": {
        "lastModified": 1778869304,
        "narHash": "sha256-30sZNZoA1cqF5JNO9fVX+wgiQYjB7HJqqJ4ztCDeBZE=",
        "owner": "NixOS",
        "repo": "nixpkgs",
        "rev": "d233902339c02a9c334e7e593de68855ad26c4cb",
        "type": "github"
      },
      "original": {
        "owner": "NixOS",
        "ref": "nixos-unstable",
        "repo": "nixpkgs",
        "type": "github"
      }
    },
    "nixpkgs-lib": {
      "locked": {
        "lastModified": 1777168982,
        "narHash": "sha256-GOkGPcboWE9BmGCRMLX3worL4EMnsnG8MyKmXNeYuhQ=",
        "owner": "nix-community",
        "repo": "nixpkgs.lib",
        "rev": "f5901329dade4a6ea039af1433fb087bd9c1fe14",
        "type": "github"
      },
      "original": {
        "owner": "nix-community",
        "repo": "nixpkgs.lib",
        "type": "github"
      }
    },
    "nixpkgs_2": {
      "locked": {
        "lastModified": 1779259093,
        "narHash": "sha256-7DKWmH23hL2eYdkxCKeqj2i+yljTKuU+3Nk1UPHOnxc=",
        "owner": "NixOS",
        "repo": "nixpkgs",
        "rev": "d99b013d5d1931ad77fe3912ed218170dec5d9a4",
        "type": "github"
      },
      "original": {
        "owner": "NixOS",
        "ref": "nixpkgs-unstable",
        "repo": "nixpkgs",
        "type": "github"
      }
    },
    "nixpkgs_3": {
      "locked": {
        "lastModified": 1779351318,
        "narHash": "sha256-f+JACbTqzZ+G92DSnXOUGRhGANb8Blh7CoeYOeBF8/U=",
        "owner": "NixOS",
        "repo": "nixpkgs",
        "rev": "4a29d733e8a7d5b824c3d8c958a946a9867b3eb2",
        "type": "github"
      },
      "original": {
        "owner": "NixOS",
        "ref": "nixpkgs-unstable",
        "repo": "nixpkgs",
        "type": "github"
      }
    },
    "noctalia": {
      "inputs": {
        "nixpkgs": [
          "nixpkgs"
        ],
        "noctalia-qs": "noctalia-qs"
      },
      "locked": {
        "lastModified": 1779372755,
        "narHash": "sha256-H9aGZWiEuFyBo8w2p+ctpbAOT+/OHQG8v9poS0qNCPM=",
        "owner": "noctalia-dev",
        "repo": "noctalia-shell",
        "rev": "8e37cecde14922eb8aecfe8eb6ca92a20f5c4ba6",
        "type": "github"
      },
      "original": {
        "owner": "noctalia-dev",
        "repo": "noctalia-shell",
        "type": "github"
      }
    },
    "noctalia-qs": {
      "inputs": {
        "nixpkgs": [
          "noctalia",
          "nixpkgs"
        ],
        "systems": "systems_2",
        "treefmt-nix": "treefmt-nix_2"
      },
      "locked": {
        "lastModified": 1778983195,
        "narHash": "sha256-hE3EFK5GoSdbO5WHZ8bZDUVYkofbDLQN/KK25z7IOOI=",
        "owner": "noctalia-dev",
        "repo": "noctalia-qs",
        "rev": "4116b41cdc89e186be7cb8b24a9b6022af95d742",
        "type": "github"
      },
      "original": {
        "owner": "noctalia-dev",
        "repo": "noctalia-qs",
        "type": "github"
      }
    },
    "root": {
      "inputs": {
        "flake-parts": "flake-parts",
        "hjem": "hjem",
        "homebrew-arm": "homebrew-arm",
        "homebrew-avr": "homebrew-avr",
        "homebrew-cask": "homebrew-cask",
        "homebrew-core": "homebrew-core",
        "homebrew-qmk": "homebrew-qmk",
        "homebrew-tap-nikita": "homebrew-tap-nikita",
        "homebrew-tap-siggy": "homebrew-tap-siggy",
        "homebrew-tap-sketchybar": "homebrew-tap-sketchybar",
        "llama-cpp": "llama-cpp",
        "llm-agents": "llm-agents",
        "neovim-nightly-overlay": "neovim-nightly-overlay",
        "nix-darwin": "nix-darwin",
        "nix-homebrew": "nix-homebrew",
        "nixpkgs": "nixpkgs_3",
        "noctalia": "noctalia",
        "zen-browser": "zen-browser"
      }
    },
    "systems": {
      "locked": {
        "lastModified": 1681028828,
        "narHash": "sha256-Vy1rq5AaRuLzOxct8nz4T6wlgyUR7zLU309k9mBC768=",
        "owner": "nix-systems",
        "repo": "default",
        "rev": "da67096a3b9bf56a91d16901293e51ba5b49a27e",
        "type": "github"
      },
      "original": {
        "owner": "nix-systems",
        "repo": "default",
        "type": "github"
      }
    },
    "systems_2": {
      "locked": {
        "lastModified": 1689347949,
        "narHash": "sha256-12tWmuL2zgBgZkdoB6qXZsgJEH9LR3oUgpaQq2RbI80=",
        "owner": "nix-systems",
        "repo": "default-linux",
        "rev": "31732fcf5e8fea42e59c2488ad31a0e651500f68",
        "type": "github"
      },
      "original": {
        "owner": "nix-systems",
        "repo": "default-linux",
        "type": "github"
      }
    },
    "treefmt-nix": {
      "inputs": {
        "nixpkgs": [
          "llm-agents",
          "nixpkgs"
        ]
      },
      "locked": {
        "lastModified": 1775636079,
        "narHash": "sha256-pc20NRoMdiar8oPQceQT47UUZMBTiMdUuWrYu2obUP0=",
        "owner": "numtide",
        "repo": "treefmt-nix",
        "rev": "790751ff7fd3801feeaf96d7dc416a8d581265ba",
        "type": "github"
      },
      "original": {
        "owner": "numtide",
        "repo": "treefmt-nix",
        "type": "github"
      }
    },
    "treefmt-nix_2": {
      "inputs": {
        "nixpkgs": [
          "noctalia",
          "noctalia-qs",
          "nixpkgs"
        ]
      },
      "locked": {
        "lastModified": 1775636079,
        "narHash": "sha256-pc20NRoMdiar8oPQceQT47UUZMBTiMdUuWrYu2obUP0=",
        "owner": "numtide",
        "repo": "treefmt-nix",
        "rev": "790751ff7fd3801feeaf96d7dc416a8d581265ba",
        "type": "github"
      },
      "original": {
        "owner": "numtide",
        "repo": "treefmt-nix",
        "type": "github"
      }
    },
    "zen-browser": {
      "inputs": {
        "nixpkgs": [
          "nixpkgs"
        ]
      },
      "locked": {
        "lastModified": 1778822459,
        "narHash": "sha256-hJlFMK7Es783KU/mhLEGC+xim/EqBMVdbsWgthquo6Y=",
        "owner": "youwen5",
        "repo": "zen-browser-flake",
        "rev": "90d4d395e2be09b2d314816dadd34660528c4ee4",
        "type": "github"
      },
      "original": {
        "owner": "youwen5",
        "repo": "zen-browser-flake",
        "type": "github"
      }
    }
  },
  "root": "root",
  "version": 7
}
